// !$*UTF8*$!
{
	archiveVersion = 1;
	classes = {
	};
	objectVersion = 56;
	objects = {

/* Begin PBXBuildFile section */
		45371F832ACACAB700572F7C /* SwiftUIDayOneApp.swift in Sources */ = {isa = PBXBuildFile; fileRef = 45371F822ACACAB700572F7C /* SwiftUIDayOneApp.swift */; };
		45371F852ACACAB700572F7C /* ContentView.swift in Sources */ = {isa = PBXBuildFile; fileRef = 45371F842ACACAB700572F7C /* ContentView.swift */; };
		45371F872ACACAB900572F7C /* Assets.xcassets in Resources */ = {isa = PBXBuildFile; fileRef = 45371F862ACACAB900572F7C /* Assets.xcassets */; };
		45371F8A2ACACAB900572F7C /* Preview Assets.xcassets in Resources */ = {isa = PBXBuildFile; fileRef = 45371F892ACACAB900572F7C /* Preview Assets.xcassets */; };
		45371F912ACAD04B00572F7C /* CircularImage.swift in Sources */ = {isa = PBXBuildFile; fileRef = 45371F902ACAD04B00572F7C /* CircularImage.swift */; };
		45371F932ACAD14E00572F7C /* MapView.swift in Sources */ = {isa = PBXBuildFile; fileRef = 45371F922ACAD14E00572F7C /* MapView.swift */; };
		458EBDB32ACC12A300203197 /* landmarkData.json in Resources */ = {isa = PBXBuildFile; fileRef = 458EBDB22ACC12A300203197 /* landmarkData.json */; };
		458EBDB62ACC132500203197 /* Landmark.swift in Sources */ = {isa = PBXBuildFile; fileRef = 458EBDB52ACC132500203197 /* Landmark.swift */; };
		458EBDB82ACC133300203197 /* fetch.swift in Sources */ = {isa = PBXBuildFile; fileRef = 458EBDB72ACC133300203197 /* fetch.swift */; };
		458EBDBA2ACC187300203197 /* LandMarkRow.swift in Sources */ = {isa = PBXBuildFile; fileRef = 458EBDB92ACC187200203197 /* LandMarkRow.swift */; };
		458EBDBC2ACC1BF700203197 /* LandmarkList.swift in Sources */ = {isa = PBXBuildFile; fileRef = 458EBDBB2ACC1BF700203197 /* LandmarkList.swift */; };
/* End PBXBuildFile section */

/* Begin PBXFileReference section */
		45371F7F2ACACAB700572F7C /* SwiftUIDayOne.app */ = {isa = PBXFileReference; explicitFileType = wrapper.application; includeInIndex = 0; path = SwiftUIDayOne.app; sourceTree = BUILT_PRODUCTS_DIR; };
		45371F822ACACAB700572F7C /* SwiftUIDayOneApp.swift */ = {isa = PBXFileReference; lastKnownFileType = sourcecode.swift; path = SwiftUIDayOneApp.swift; sourceTree = "<group>"; };
		45371F842ACACAB700572F7C /* ContentView.swift */ = {isa = PBXFileReference; lastKnownFileType = sourcecode.swift; path = ContentView.swift; sourceTree = "<group>"; };
		45371F862ACACAB900572F7C /* Assets.xcassets */ = {isa = PBXFileReference; lastKnownFileType = folder.assetcatalog; path = Assets.xcassets; sourceTree = "<group>"; };
		45371F892ACACAB900572F7C /* Preview Assets.xcassets */ = {isa = PBXFileReference; lastKnownFileType = folder.assetcatalog; path = "Preview Assets.xcassets"; sourceTree = "<group>"; };
		45371F902ACAD04B00572F7C /* CircularImage.swift */ = {isa = PBXFileReference; lastKnownFileType = sourcecode.swift; path = CircularImage.swift; sourceTree = "<group>"; };
		45371F922ACAD14E00572F7C /* MapView.swift */ = {isa = PBXFileReference; lastKnownFileType = sourcecode.swift; path = MapView.swift; sourceTree = "<group>"; };
		458EBDB22ACC12A300203197 /* landmarkData.json */ = {isa = PBXFileReference; fileEncoding = 4; lastKnownFileType = text.json; path = landmarkData.json; sourceTree = "<group>"; };
		458EBDB52ACC132500203197 /* Landmark.swift */ = {isa = PBXFileReference; lastKnownFileType = sourcecode.swift; path = Landmark.swift; sourceTree = "<group>"; };
		458EBDB72ACC133300203197 /* fetch.swift */ = {isa = PBXFileReference; lastKnownFileType = sourcecode.swift; path = fetch.swift; sourceTree = "<group>"; };
		458EBDB92ACC187200203197 /* LandMarkRow.swift */ = {isa = PBXFileReference; lastKnownFileType = sourcecode.swift; path = LandMarkRow.swift; sourceTree = "<group>"; };
		458EBDBB2ACC1BF700203197 /* LandmarkList.swift */ = {isa = PBXFileReference; lastKnownFileType = sourcecode.swift; path = LandmarkList.swift; sourceTree = "<group>"; };
/* End PBXFileReference section */

/* Begin PBXFrameworksBuildPhase section */
		45371F7C2ACACAB700572F7C /* Frameworks */ = {
			isa = PBXFrameworksBuildPhase;
			buildActionMask = 2147483647;
			files = (
			);
			runOnlyForDeploymentPostprocessing = 0;
		};
/* End PBXFrameworksBuildPhase section */

/* Begin PBXGroup section */
		45371F762ACACAB700572F7C = {
			isa = PBXGroup;
			children = (
				45371F812ACACAB700572F7C /* SwiftUIDayOne */,
				45371F802ACACAB700572F7C /* Products */,
			);
			sourceTree = "<group>";
		};
		45371F802ACACAB700572F7C /* Products */ = {
			isa = PBXGroup;
			children = (
				45371F7F2ACACAB700572F7C /* SwiftUIDayOne.app */,
			);
			name = Products;
			sourceTree = "<group>";
		};
		45371F812ACACAB700572F7C /* SwiftUIDayOne */ = {
			isa = PBXGroup;
			children = (
				458EBDB42ACC12AB00203197 /* Model */,
				458EBDB12ACC129000203197 /* Resources */,
				45371F822ACACAB700572F7C /* SwiftUIDayOneApp.swift */,
				45371F842ACACAB700572F7C /* ContentView.swift */,
				45371F902ACAD04B00572F7C /* CircularImage.swift */,
				45371F922ACAD14E00572F7C /* MapView.swift */,
				458EBDB92ACC187200203197 /* LandMarkRow.swift */,
				458EBDBB2ACC1BF700203197 /* LandmarkList.swift */,
				45371F862ACACAB900572F7C /* Assets.xcassets */,
				45371F882ACACAB900572F7C /* Preview Content */,
			);
			path = SwiftUIDayOne;
			sourceTree = "<group>";
		};
		45371F882ACACAB900572F7C /* Preview Content */ = {
			isa = PBXGroup;
			children = (
				45371F892ACACAB900572F7C /* Preview Assets.xcassets */,
			);
			path = "Preview Content";
			sourceTree = "<group>";
		};
		458EBDB12ACC129000203197 /* Resources */ = {
			isa = PBXGroup;
			children = (
				458EBDB22ACC12A300203197 /* landmarkData.json */,
			);
			path = Resources;
			sourceTree = "<group>";
		};
		458EBDB42ACC12AB00203197 /* Model */ = {
			isa = PBXGroup;
			children = (
				458EBDB52ACC132500203197 /* Landmark.swift */,
				458EBDB72ACC133300203197 /* fetch.swift */,
			);
			path = Model;
			sourceTree = "<group>";
		};
/* End PBXGroup section */

/* Begin PBXNativeTarget section */
		45371F7E2ACACAB700572F7C /* SwiftUIDayOne */ = {
			isa = PBXNativeTarget;
			buildConfigurationList = 45371F8D2ACACAB900572F7C /* Build configuration list for PBXNativeTarget "SwiftUIDayOne" */;
			buildPhases = (
				45371F7B2ACACAB700572F7C /* Sources */,
				45371F7C2ACACAB700572F7C /* Frameworks */,
				45371F7D2ACACAB700572F7C /* Resources */,
			);
			buildRules = (
			);
			dependencies = (
			);
			name = SwiftUIDayOne;
			productName = SwiftUIDayOne;
			productReference = 45371F7F2ACACAB700572F7C /* SwiftUIDayOne.app */;
			productType = "com.apple.product-type.application";
		};
/* End PBXNativeTarget section */

/* Begin PBXProject section */
		45371F772ACACAB700572F7C /* Project object */ = {
			isa = PBXProject;
			attributes = {
				BuildIndependentTargetsInParallel = 1;
				LastSwiftUpdateCheck = 1430;
				LastUpgradeCheck = 1430;
				TargetAttributes = {
					45371F7E2ACACAB700572F7C = {
						CreatedOnToolsVersion = 14.3;
					};
				};
			};
			buildConfigurationList = 45371F7A2ACACAB700572F7C /* Build configuration list for PBXProject "SwiftUIDayOne" */;
			compatibilityVersion = "Xcode 14.0";
			developmentRegion = en;
			hasScannedForEncodings = 0;
			knownRegions = (
				en,
				Base,
			);
			mainGroup = 45371F762ACACAB700572F7C;
			productRefGroup = 45371F802ACACAB700572F7C /* Products */;
			projectDirPath = "";
			projectRoot = "";
			targets = (
				45371F7E2ACACAB700572F7C /* SwiftUIDayOne */,
			);
		};
/* End PBXProject section */

/* Begin PBXResourcesBuildPhase section */
		45371F7D2ACACAB700572F7C /* Resources */ = {
			isa = PBXResourcesBuildPhase;
			buildActionMask = 2147483647;
			files = (
				45371F8A2ACACAB900572F7C /* Preview Assets.xcassets in Resources */,
				45371F872ACACAB900572F7C /* Assets.xcassets in Resources */,
				458EBDB32ACC12A300203197 /* landmarkData.json in Resources */,
			);
			runOnlyForDeploymentPostprocessing = 0;
		};
/* End PBXResourcesBuildPhase section */

/* Begin PBXSourcesBuildPhase section */
		45371F7B2ACACAB700572F7C /* Sources */ = {
			isa = PBXSourcesBuildPhase;
			buildActionMask = 2147483647;
			files = (
				45371F852ACACAB700572F7C /* ContentView.swift in Sources */,
				458EBDBA2ACC187300203197 /* LandMarkRow.swift in Sources */,
				45371F932ACAD14E00572F7C /* MapView.swift in Sources */,
				458EBDBC2ACC1BF700203197 /* LandmarkList.swift in Sources */,
				45371F832ACACAB700572F7C /* SwiftUIDayOneApp.swift in Sources */,
				45371F912ACAD04B00572F7C /* CircularImage.swift in Sources */,
				458EBDB82ACC133300203197 /* fetch.swift in Sources */,
				458EBDB62ACC132500203197 /* Landmark.swift in Sources */,
			);
			runOnlyForDeploymentPostprocessing = 0;
		};
/* End PBXSourcesBuildPhase section */

/* Begin XCBuildConfiguration section */
		45371F8B2ACACAB900572F7C /* Debug */ = {
			isa = XCBuildConfiguration;
			buildSettings = {
				ALWAYS_SEARCH_USER_PATHS = NO;
				CLANG_ANALYZER_NONNULL = YES;
				CLANG_ANALYZER_NUMBER_OBJECT_CONVERSION = YES_AGGRESSIVE;
				CLANG_CXX_LANGUAGE_STANDARD = "gnu++20";
				CLANG_ENABLE_MODULES = YES;
				CLANG_ENABLE_OBJC_ARC = YES;
				CLANG_ENABLE_OBJC_WEAK = YES;
				CLANG_WARN_BLOCK_CAPTURE_AUTORELEASING = YES;
				CLANG_WARN_BOOL_CONVERSION = YES;
				CLANG_WARN_COMMA = YES;
				CLANG_WARN_CONSTANT_CONVERSION = YES;
				CLANG_WARN_DEPRECATED_OBJC_IMPLEMENTATIONS = YES;
				CLANG_WARN_DIRECT_OBJC_ISA_USAGE = YES_ERROR;
				CLANG_WARN_DOCUMENTATION_COMMENTS = YES;
				CLANG_WARN_EMPTY_BODY = YES;
				CLANG_WARN_ENUM_CONVERSION = YES;
				CLANG_WARN_INFINITE_RECURSION = YES;
				CLANG_WARN_INT_CONVERSION = YES;
				CLANG_WARN_NON_LITERAL_NULL_CONVERSION = YES;
				CLANG_WARN_OBJC_IMPLICIT_RETAIN_SELF = YES;
				CLANG_WARN_OBJC_LITERAL_CONVERSION = YES;
				CLANG_WARN_OBJC_ROOT_CLASS = YES_ERROR;
				CLANG_WARN_QUOTED_INCLUDE_IN_FRAMEWORK_HEADER = YES;
				CLANG_WARN_RANGE_LOOP_ANALYSIS = YES;
				CLANG_WARN_STRICT_PROTOTYPES = YES;
				CLANG_WARN_SUSPICIOUS_MOVE = YES;
				CLANG_WARN_UNGUARDED_AVAILABILITY = YES_AGGRESSIVE;
				CLANG_WARN_UNREACHABLE_CODE = YES;
				CLANG_WARN__DUPLICATE_METHOD_MATCH = YES;
				COPY_PHASE_STRIP = NO;
				DEBUG_INFORMATION_FORMAT = dwarf;
				ENABLE_STRICT_OBJC_MSGSEND = YES;
				ENABLE_TESTABILITY = YES;
				GCC_C_LANGUAGE_STANDARD = gnu11;
				GCC_DYNAMIC_NO_PIC = NO;
				GCC_NO_COMMON_BLOCKS = YES;
				GCC_OPTIMIZATION_LEVEL = 0;
				GCC_PREPROCESSOR_DEFINITIONS = (
					"DEBUG=1",
					"$(inherited)",
				);
				GCC_WARN_64_TO_32_BIT_CONVERSION = YES;
				GCC_WARN_ABOUT_RETURN_TYPE = YES_ERROR;
				GCC_WARN_UNDECLARED_SELECTOR = YES;
				GCC_WARN_UNINITIALIZED_AUTOS = YES_AGGRESSIVE;
				GCC_WARN_UNUSED_FUNCTION = YES;
				GCC_WARN_UNUSED_VARIABLE = YES;
				IPHONEOS_DEPLOYMENT_TARGET = 16.4;
				MTL_ENABLE_DEBUG_INFO = INCLUDE_SOURCE;
				MTL_FAST_MATH = YES;
				ONLY_ACTIVE_ARCH = YES;
				SDKROOT = iphoneos;
				SWIFT_ACTIVE_COMPILATION_CONDITIONS = DEBUG;
				SWIFT_OPTIMIZATION_LEVEL = "-Onone";
			};
			name = Debug;
		};
		45371F8C2ACACAB900572F7C /* Release */ = {
			isa = XCBuildConfiguration;
			buildSettings = {
				ALWAYS_SEARCH_USER_PATHS = NO;
				CLANG_ANALYZER_NONNULL = YES;
				CLANG_ANALYZER_NUMBER_OBJECT_CONVERSION = YES_AGGRESSIVE;
				CLANG_CXX_LANGUAGE_STANDARD = "gnu++20";
				CLANG_ENABLE_MODULES = YES;
				CLANG_ENABLE_OBJC_ARC = YES;
				CLANG_ENABLE_OBJC_WEAK = YES;
				CLANG_WARN_BLOCK_CAPTURE_AUTORELEASING = YES;
				CLANG_WARN_BOOL_CONVERSION = YES;
				CLANG_WARN_COMMA = YES;
				CLANG_WARN_CONSTANT_CONVERSION = YES;
				CLANG_WARN_DEPRECATED_OBJC_IMPLEMENTATIONS = YES;
				CLANG_WARN_DIRECT_OBJC_ISA_USAGE = YES_ERROR;
				CLANG_WARN_DOCUMENTATION_COMMENTS = YES;
				CLANG_WARN_EMPTY_BODY = YES;
				CLANG_WARN_ENUM_CONVERSION = YES;
				CLANG_WARN_INFINITE_RECURSION = YES;
				CLANG_WARN_INT_CONVERSION = YES;
				CLANG_WARN_NON_LITERAL_NULL_CONVERSION = YES;
				CLANG_WARN_OBJC_IMPLICIT_RETAIN_SELF = YES;
				CLANG_WARN_OBJC_LITERAL_CONVERSION = YES;
				CLANG_WARN_OBJC_ROOT_CLASS = YES_ERROR;
				CLANG_WARN_QUOTED_INCLUDE_IN_FRAMEWORK_HEADER = YES;
				CLANG_WARN_RANGE_LOOP_ANALYSIS = YES;
				CLANG_WARN_STRICT_PROTOTYPES = YES;
				CLANG_WARN_SUSPICIOUS_MOVE = YES;
				CLANG_WARN_UNGUARDED_AVAILABILITY = YES_AGGRESSIVE;
				CLANG_WARN_UNREACHABLE_CODE = YES;
				CLANG_WARN__DUPLICATE_METHOD_MATCH = YES;
				COPY_PHASE_STRIP = NO;
				DEBUG_INFORMATION_FORMAT = "dwarf-with-dsym";
				ENABLE_NS_ASSERTIONS = NO;
				ENABLE_STRICT_OBJC_MSGSEND = YES;
				GCC_C_LANGUAGE_STANDARD = gnu11;
				GCC_NO_COMMON_BLOCKS = YES;
				GCC_WARN_64_TO_32_BIT_CONVERSION = YES;
				GCC_WARN_ABOUT_RETURN_TYPE = YES_ERROR;
				GCC_WARN_UNDECLARED_SELECTOR = YES;
				GCC_WARN_UNINITIALIZED_AUTOS = YES_AGGRESSIVE;
				GCC_WARN_UNUSED_FUNCTION = YES;
				GCC_WARN_UNUSED_VARIABLE = YES;
				IPHONEOS_DEPLOYMENT_TARGET = 16.4;
				MTL_ENABLE_DEBUG_INFO = NO;
				MTL_FAST_MATH = YES;
				SDKROOT = iphoneos;
				SWIFT_COMPILATION_MODE = wholemodule;
				SWIFT_OPTIMIZATION_LEVEL = "-O";
				VALIDATE_PRODUCT = YES;
			};
			name = Release;
		};
		45371F8E2ACACAB900572F7C /* Debug */ = {
			isa = XCBuildConfiguration;
			buildSettings = {
				ASSETCATALOG_COMPILER_APPICON_NAME = AppIcon;
				ASSETCATALOG_COMPILER_GLOBAL_ACCENT_COLOR_NAME = AccentColor;
				CODE_SIGN_STYLE = Automatic;
				CURRENT_PROJECT_VERSION = 1;
				DEVELOPMENT_ASSET_PATHS = "\"SwiftUIDayOne/Preview Content\"";
				DEVELOPMENT_TEAM = V8WX6XAJDD;
				ENABLE_PREVIEWS = YES;
				GENERATE_INFOPLIST_FILE = YES;
				INFOPLIST_KEY_UIApplicationSceneManifest_Generation = YES;
				INFOPLIST_KEY_UIApplicationSupportsIndirectInputEvents = YES;
				INFOPLIST_KEY_UILaunchScreen_Generation = YES;
				INFOPLIST_KEY_UISupportedInterfaceOrientations_iPad = "UIInterfaceOrientationPortrait UIInterfaceOrientationPortraitUpsideDown UIInterfaceOrientationLandscapeLeft UIInterfaceOrientationLandscapeRight";
				INFOPLIST_KEY_UISupportedInterfaceOrientations_iPhone = "UIInterfaceOrientationPortrait UIInterfaceOrientationLandscapeLeft UIInterfaceOrientationLandscapeRight";
				LD_RUNPATH_SEARCH_PATHS = (
					"$(inherited)",
					"@executable_path/Frameworks",
				);
				MARKETING_VERSION = 1.0;
				PRODUCT_BUNDLE_IDENTIFIER = com.mustafa.SwiftUIDayOne;
				PRODUCT_NAME = "$(TARGET_NAME)";
				SWIFT_EMIT_LOC_STRINGS = YES;
				SWIFT_VERSION = 5.0;
				TARGETED_DEVICE_FAMILY = "1,2";
			};
			name = Debug;
		};
		45371F8F2ACACAB900572F7C /* Release */ = {
			isa = XCBuildConfiguration;
			buildSettings = {
				ASSETCATALOG_COMPILER_APPICON_NAME = AppIcon;
				ASSETCATALOG_COMPILER_GLOBAL_ACCENT_COLOR_NAME = AccentColor;
				CODE_SIGN_STYLE = Automatic;
				CURRENT_PROJECT_VERSION = 1;
				DEVELOPMENT_ASSET_PATHS = "\"SwiftUIDayOne/Preview Content\"";
				DEVELOPMENT_TEAM = V8WX6XAJDD;
				ENABLE_PREVIEWS = YES;
				GENERATE_INFOPLIST_FILE = YES;
				INFOPLIST_KEY_UIApplicationSceneManifest_Generation = YES;
				INFOPLIST_KEY_UIApplicationSupportsIndirectInputEvents = YES;
				INFOPLIST_KEY_UILaunchScreen_Generation = YES;
				INFOPLIST_KEY_UISupportedInterfaceOrientations_iPad = "UIInterfaceOrientationPortrait UIInterfaceOrientationPortraitUpsideDown UIInterfaceOrientationLandscapeLeft UIInterfaceOrientationLandscapeRight";
				INFOPLIST_KEY_UISupportedInterfaceOrientations_iPhone = "UIInterfaceOrientationPortrait UIInterfaceOrientationLandscapeLeft UIInterfaceOrientationLandscapeRight";
				LD_RUNPATH_SEARCH_PATHS = (
					"$(inherited)",
					"@executable_path/Frameworks",
				);
				MARKETING_VERSION = 1.0;
				PRODUCT_BUNDLE_IDENTIFIER = com.mustafa.SwiftUIDayOne;
				PRODUCT_NAME = "$(TARGET_NAME)";
				SWIFT_EMIT_LOC_STRINGS = YES;
				SWIFT_VERSION = 5.0;
				TARGETED_DEVICE_FAMILY = "1,2";
			};
			name = Release;
		};
/* End XCBuildConfiguration section */

/* Begin XCConfigurationList section */
		45371F7A2ACACAB700572F7C /* Build configuration list for PBXProject "SwiftUIDayOne" */ = {
			isa = XCConfigurationList;
			buildConfigurations = (
				45371F8B2ACACAB900572F7C /* Debug */,
				45371F8C2ACACAB900572F7C /* Release */,
			);
			defaultConfigurationIsVisible = 0;
			defaultConfigurationName = Release;
		};
		45371F8D2ACACAB900572F7C /* Build configuration list for PBXNativeTarget "SwiftUIDayOne" */ = {
			isa = XCConfigurationList;
			buildConfigurations = (
				45371F8E2ACACAB900572F7C /* Debug */,
				45371F8F2ACACAB900572F7C /* Release */,
			);
			defaultConfigurationIsVisible = 0;
			defaultConfigurationName = Release;
		};
/* End XCConfigurationList section */
	};
	rootObject = 45371F772ACACAB700572F7C /* Project object */;
}
